
Microsoft Visual Studio Solution File, Format Version 12.00
# Visual Studio 15
VisualStudioVersion = 15.0.28010.2048
MinimumVisualStudioVersion = 10.0.40219.1
Project("{FAE04EC0-301F-11D3-BF4B-00C04F79EFBC}") = "SimpleApp", "SimpleApp\SimpleApp.csproj", "{B788A12E-EC0C-4E6C-94C3-D4CBB1688C12}"
EndProject
Global
	GlobalSection(SolutionConfigurationPlatforms) = preSolution
		Debug|Any CPU = Debug|Any CPU
		Release|Any CPU = Release|Any CPU
	EndGlobalSection
	GlobalSection(ProjectConfigurationPlatforms) = postSolution
		{B788A12E-EC0C-4E6C-94C3-D4CBB1688C12}.Debug|Any CPU.ActiveCfg = Debug|Any CPU
		{B788A12E-EC0C-4E6C-94C3-D4CBB1688C12}.Debug|Any CPU.Build.0 = Debug|Any CPU
		{B788A12E-EC0C-4E6C-94C3-D4CBB1688C12}.Release|Any CPU.ActiveCfg = Release|Any CPU
		{B788A12E-EC0C-4E6C-94C3-D4CBB1688C12}.Release|Any CPU.Build.0 = Release|Any CPU
	EndGlobalSection
	GlobalSection(SolutionProperties) = preSolution
		HideSolutionNode = FALSE
	EndGlobalSection
	GlobalSection(ExtensibilityGlobals) = postSolution
		SolutionGuid = {B77751FE-BB8C-4CB2-930E-4EF0C23B55B8}
	EndGlobalSection
EndGlobal
