
Microsoft Visual Studio Solution File, Format Version 12.00
# Visual Studio 15
VisualStudioVersion = 15.0.28010.2048
MinimumVisualStudioVersion = 10.0.40219.1
Project("{54435603-DBB4-11D2-8724-00A0C9A8B90C}") = "CustomActionSetup", "CustomActionSetup.vdproj", "{7439473D-02F6-4E40-863C-23F41603881A}"
EndProject
Global
	GlobalSection(SolutionConfigurationPlatforms) = preSolution
		Debug|Default = Debug|Default
		Release|Default = Release|Default
	EndGlobalSection
	GlobalSection(ProjectConfigurationPlatforms) = postSolution
		{7439473D-02F6-4E40-863C-23F41603881A}.Debug|Default.ActiveCfg = Debug
		{7439473D-02F6-4E40-863C-23F41603881A}.Debug|Default.Build.0 = Debug
		{7439473D-02F6-4E40-863C-23F41603881A}.Release|Default.ActiveCfg = Release
		{7439473D-02F6-4E40-863C-23F41603881A}.Release|Default.Build.0 = Release
	EndGlobalSection
	GlobalSection(SolutionProperties) = preSolution
		HideSolutionNode = FALSE
	EndGlobalSection
	GlobalSection(ExtensibilityGlobals) = postSolution
		SolutionGuid = {24959D4C-1E8D-40ED-AFCE-640BD1A69E1E}
	EndGlobalSection
EndGlobal
