Microsoft Visual Studio Solution File, Format Version 12.00
# Visual Studio 15
VisualStudioVersion = 15.0.28010.2048
MinimumVisualStudioVersion = 10.0.40219.1
Project("{FAE04EC0-301F-11D3-BF4B-00C04F79EFBC}") = "InstallerClass", "InstallerClass.csproj", "{7259EB50-798A-4EF7-8954-54DFC38DC0BB}"
EndProject
Project("{54435603-DBB4-11D2-8724-00A0C9A8B90C}") = "CustomActionSetup", "..\CustomActionSetup\CustomActionSetup.vdproj", "{2838D1FA-70BA-4D4F-B817-606E712F1515}"
EndProject
Global
	GlobalSection(SolutionConfigurationPlatforms) = preSolution
		Debug|Any CPU = Debug|Any CPU
		Release|Any CPU = Release|Any CPU
	EndGlobalSection
	GlobalSection(ProjectConfigurationPlatforms) = postSolution
		{7259EB50-798A-4EF7-8954-54DFC38DC0BB}.Debug|Any CPU.ActiveCfg = Debug|Any CPU
		{7259EB50-798A-4EF7-8954-54DFC38DC0BB}.Debug|Any CPU.Build.0 = Debug|Any CPU
		{7259EB50-798A-4EF7-8954-54DFC38DC0BB}.Release|Any CPU.ActiveCfg = Release|Any CPU
		{7259EB50-798A-4EF7-8954-54DFC38DC0BB}.Release|Any CPU.Build.0 = Release|Any CPU
		{2838D1FA-70BA-4D4F-B817-606E712F1515}.Debug|Any CPU.ActiveCfg = Debug
		{2838D1FA-70BA-4D4F-B817-606E712F1515}.Release|Any CPU.ActiveCfg = Release
	EndGlobalSection
	GlobalSection(SolutionProperties) = preSolution
		HideSolutionNode = FALSE
	EndGlobalSection
	GlobalSection(ExtensibilityGlobals) = postSolution
		SolutionGuid = {039994A8-062A-49EF-A013-556583AC6CCF}
	EndGlobalSection
EndGlobal
